Microsoft Visual Studio Solution File, Format Version 11.00
# Visual Studio 2008

Project("{37A1EF0C-96A8-4FB3-A0F6-50A2B928EE1E}") = "ZarapaLevel", "Assembly-CSharp.csproj", "{489996DC-3D1C-A138-19AF-61E0F568BCE4}"
EndProject
Global
	GlobalSection(SolutionConfigurationPlatforms) = preSolution
		Debug|Any CPU = Debug|Any CPU
		Release|Any CPU = Release|Any CPU
	EndGlobalSection
	GlobalSection(ProjectConfigurationPlatforms) = postSolution
		{489996DC-3D1C-A138-19AF-61E0F568BCE4}.Debug|Any CPU.ActiveCfg = Debug|Any CPU
		{489996DC-3D1C-A138-19AF-61E0F568BCE4}.Debug|Any CPU.Build.0 = Debug|Any CPU
		{489996DC-3D1C-A138-19AF-61E0F568BCE4}.Release|Any CPU.ActiveCfg = Release|Any CPU
		{489996DC-3D1C-A138-19AF-61E0F568BCE4}.Release|Any CPU.Build.0 = Release|Any CPU
	EndGlobalSection
	GlobalSection(SolutionProperties) = preSolution
		HideSolutionNode = FALSE
	EndGlobalSection
	GlobalSection(MonoDevelopProperties) = preSolution
		StartupItem = Assembly-CSharp.csproj
	EndGlobalSection
EndGlobal
